{
  "R": {
    "Version": "4.4.2",
    "Repositories": [
      {
        "Name": "CRAN",
        "URL": "https://cloud.r-project.org"
      }
    ]
  },
  "Packages": {
    "Rcpp": {
      "Package": "Rcpp",
      "Version": "1.0.14",
      "Source": "Repository",
      "Repository": "CRAN"
    },
    "broom.mixed": {
      "Package": "broom.mixed",
      "Version": "0.2.9.6",
      "Source": "Repository",
      "Repository": "CRAN"
    },
    "clubSandwich": {
      "Package": "clubSandwich",
      "Version": "0.6.1",
      "Source": "Repository",
      "Repository": "CRAN"
    },
    "emmeans": {
      "Package": "emmeans",
      "Version": "1.10.7",
      "Source": "Repository",
      "Repository": "CRAN"
    },
    "glmmTMB": {
      "Package": "glmmTMB",
      "Version": "1.1.10",
      "Source": "Repository",
      "Repository": "CRAN"
    },
    "lme4": {
      "Package": "lme4",
      "Version": "1.1-36",
      "Source": "Repository",
      "Repository": "CRAN"
    },
    "renv": {
      "Package": "renv",
      "Version": "1.1.1",
      "Source": "Repository",
      "Repository": "CRAN"
    }
  }
}
